
Microsoft Visual Studio Solution File, Format Version 12.00
# Visual Studio Version 17
VisualStudioVersion = 17.1.32319.34
MinimumVisualStudioVersion = 10.0.40219.1
Project("{9A19103F-16F7-4668-BE54-9A1E7A4F7556}") = "DisposableFixer", "src\DisposableFixer\DisposableFixer.csproj", "{926389EE-C6BB-46DD-BE35-30B9956FCD5E}"
EndProject
Project("{9A19103F-16F7-4668-BE54-9A1E7A4F7556}") = "DisposableFixer.Test", "src\DisposableFixer.Test\DisposableFixer.Test.csproj", "{55E63E1C-DD3A-47B8-927B-E7ABEA0E2CAB}"
EndProject
Project("{FAE04EC0-301F-11D3-BF4B-00C04F79EFBC}") = "DisposableFixer.Vsix", "src\DisposableFixer.Vsix\DisposableFixer.Vsix.csproj", "{F1DC67F5-D916-44A8-B92D-0264FBED0444}"
EndProject
Global
	GlobalSection(SolutionConfigurationPlatforms) = preSolution
		Debug|Any CPU = Debug|Any CPU
		Debug|x86 = Debug|x86
		Release|Any CPU = Release|Any CPU
		Release|x86 = Release|x86
	EndGlobalSection
	GlobalSection(ProjectConfigurationPlatforms) = postSolution
		{926389EE-C6BB-46DD-BE35-30B9956FCD5E}.Debug|Any CPU.ActiveCfg = Debug|Any CPU
		{926389EE-C6BB-46DD-BE35-30B9956FCD5E}.Debug|Any CPU.Build.0 = Debug|Any CPU
		{926389EE-C6BB-46DD-BE35-30B9956FCD5E}.Debug|x86.ActiveCfg = Debug|Any CPU
		{926389EE-C6BB-46DD-BE35-30B9956FCD5E}.Debug|x86.Build.0 = Debug|Any CPU
		{926389EE-C6BB-46DD-BE35-30B9956FCD5E}.Release|Any CPU.ActiveCfg = Release|Any CPU
		{926389EE-C6BB-46DD-BE35-30B9956FCD5E}.Release|Any CPU.Build.0 = Release|Any CPU
		{926389EE-C6BB-46DD-BE35-30B9956FCD5E}.Release|x86.ActiveCfg = Release|Any CPU
		{926389EE-C6BB-46DD-BE35-30B9956FCD5E}.Release|x86.Build.0 = Release|Any CPU
		{55E63E1C-DD3A-47B8-927B-E7ABEA0E2CAB}.Debug|Any CPU.ActiveCfg = Debug|Any CPU
		{55E63E1C-DD3A-47B8-927B-E7ABEA0E2CAB}.Debug|Any CPU.Build.0 = Debug|Any CPU
		{55E63E1C-DD3A-47B8-927B-E7ABEA0E2CAB}.Debug|x86.ActiveCfg = Debug|Any CPU
		{55E63E1C-DD3A-47B8-927B-E7ABEA0E2CAB}.Debug|x86.Build.0 = Debug|Any CPU
		{55E63E1C-DD3A-47B8-927B-E7ABEA0E2CAB}.Release|Any CPU.ActiveCfg = Release|Any CPU
		{55E63E1C-DD3A-47B8-927B-E7ABEA0E2CAB}.Release|Any CPU.Build.0 = Release|Any CPU
		{55E63E1C-DD3A-47B8-927B-E7ABEA0E2CAB}.Release|x86.ActiveCfg = Release|Any CPU
		{55E63E1C-DD3A-47B8-927B-E7ABEA0E2CAB}.Release|x86.Build.0 = Release|Any CPU
		{F1DC67F5-D916-44A8-B92D-0264FBED0444}.Debug|Any CPU.ActiveCfg = Debug|Any CPU
		{F1DC67F5-D916-44A8-B92D-0264FBED0444}.Debug|Any CPU.Build.0 = Debug|Any CPU
		{F1DC67F5-D916-44A8-B92D-0264FBED0444}.Debug|x86.ActiveCfg = Debug|x86
		{F1DC67F5-D916-44A8-B92D-0264FBED0444}.Debug|x86.Build.0 = Debug|x86
		{F1DC67F5-D916-44A8-B92D-0264FBED0444}.Release|Any CPU.ActiveCfg = Release|Any CPU
		{F1DC67F5-D916-44A8-B92D-0264FBED0444}.Release|Any CPU.Build.0 = Release|Any CPU
		{F1DC67F5-D916-44A8-B92D-0264FBED0444}.Release|x86.ActiveCfg = Release|x86
		{F1DC67F5-D916-44A8-B92D-0264FBED0444}.Release|x86.Build.0 = Release|x86
	EndGlobalSection
	GlobalSection(SolutionProperties) = preSolution
		HideSolutionNode = FALSE
	EndGlobalSection
	GlobalSection(ExtensibilityGlobals) = postSolution
		SolutionGuid = {F0646107-8095-4538-A9FB-0E4403DB28CF}
	EndGlobalSection
EndGlobal
