
Microsoft Visual Studio Solution File, Format Version 12.00
# Visual Studio 14
VisualStudioVersion = 14.0.25420.1
MinimumVisualStudioVersion = 10.0.40219.1
Project("{2150E333-8FDC-42A3-9474-1A3956D46DE8}") = ".paket", ".paket", "{44D40069-E77E-4374-BCCF-8E102E951CE5}"
	ProjectSection(SolutionItems) = preProject
		..\..\paket.dependencies = ..\..\paket.dependencies
		..\..\paket.lock = ..\..\paket.lock
	EndProjectSection
EndProject
Project("{FAE04EC0-301F-11D3-BF4B-00C04F79EFBC}") = "DisposableFixer.Test", "DisposeableFixer\DisposeableFixer.Test\DisposableFixer.Test.csproj", "{B79E0F2C-C5BF-4365-A240-059F16F628CB}"
EndProject
Project("{FAE04EC0-301F-11D3-BF4B-00C04F79EFBC}") = "DisposableFixer.Vsix", "DisposeableFixer\DisposeableFixer.Vsix\DisposableFixer.Vsix.csproj", "{1C414FAD-F6D3-401B-A882-C0ECB37319AD}"
EndProject
Project("{FAE04EC0-301F-11D3-BF4B-00C04F79EFBC}") = "DisposableFixer", "DisposeableFixer\DisposableFixer\DisposableFixer.csproj", "{FBC1261A-4DC1-48CC-A519-B9416E42E37C}"
EndProject
Global
	GlobalSection(SolutionConfigurationPlatforms) = preSolution
		Debug|Any CPU = Debug|Any CPU
		Release|Any CPU = Release|Any CPU
	EndGlobalSection
	GlobalSection(ProjectConfigurationPlatforms) = postSolution
		{B79E0F2C-C5BF-4365-A240-059F16F628CB}.Debug|Any CPU.ActiveCfg = Debug|Any CPU
		{B79E0F2C-C5BF-4365-A240-059F16F628CB}.Debug|Any CPU.Build.0 = Debug|Any CPU
		{B79E0F2C-C5BF-4365-A240-059F16F628CB}.Release|Any CPU.ActiveCfg = Release|Any CPU
		{B79E0F2C-C5BF-4365-A240-059F16F628CB}.Release|Any CPU.Build.0 = Release|Any CPU
		{1C414FAD-F6D3-401B-A882-C0ECB37319AD}.Debug|Any CPU.ActiveCfg = Debug|Any CPU
		{1C414FAD-F6D3-401B-A882-C0ECB37319AD}.Debug|Any CPU.Build.0 = Debug|Any CPU
		{1C414FAD-F6D3-401B-A882-C0ECB37319AD}.Release|Any CPU.ActiveCfg = Release|Any CPU
		{1C414FAD-F6D3-401B-A882-C0ECB37319AD}.Release|Any CPU.Build.0 = Release|Any CPU
		{FBC1261A-4DC1-48CC-A519-B9416E42E37C}.Debug|Any CPU.ActiveCfg = Debug|Any CPU
		{FBC1261A-4DC1-48CC-A519-B9416E42E37C}.Debug|Any CPU.Build.0 = Debug|Any CPU
		{FBC1261A-4DC1-48CC-A519-B9416E42E37C}.Release|Any CPU.ActiveCfg = Release|Any CPU
		{FBC1261A-4DC1-48CC-A519-B9416E42E37C}.Release|Any CPU.Build.0 = Release|Any CPU
	EndGlobalSection
	GlobalSection(SolutionProperties) = preSolution
		HideSolutionNode = FALSE
	EndGlobalSection
EndGlobal
